<?xml version="1.0" encoding="utf-8"?>
<Project ToolsVersion="4.0" xmlns="http://schemas.microsoft.com/developer/msbuild/2003">
  <ItemGroup>
    <Filter Include="源文件">
      <UniqueIdentifier>{4FC737F1-C7A5-4376-A066-2A32D752A2FF}</UniqueIdentifier>
      <Extensions>cpp;c;cc;cxx;c++;cppm;ixx;def;odl;idl;hpj;bat;asm;asmx</Extensions>
    </Filter>
    <Filter Include="头文件">
      <UniqueIdentifier>{93995380-89BD-4b04-88EB-625FBE52EBFB}</UniqueIdentifier>
      <Extensions>h;hh;hpp;hxx;h++;hm;inl;inc;ipp;xsd</Extensions>
    </Filter>
    <Filter Include="资源文件">
      <UniqueIdentifier>{67DA6AB6-F800-4c08-8B7A-83BB121AAD01}</UniqueIdentifier>
      <Extensions>rc;ico;cur;bmp;dlg;rc2;rct;bin;rgs;gif;jpg;jpeg;jpe;resx;tiff;tif;png;wav;mfcribbon-ms</Extensions>
    </Filter>
  </ItemGroup>
  <ItemGroup>
    <ClCompile Include="src\Main.cpp">
      <Filter>源文件</Filter>
    </ClCompile>
    <ClCompile Include="src\Message.cpp">
      <Filter>源文件</Filter>
    </ClCompile>
    <ClCompile Include="src\Globals.cpp">
      <Filter>源文件</Filter>
    </ClCompile>
    <ClCompile Include="src\ui\Button.cpp">
      <Filter>源文件</Filter>
    </ClCompile>
    <ClCompile Include="src\ui\MainInterface.cpp">
      <Filter>源文件</Filter>
    </ClCompile>
    <ClCompile Include="src\ui\Application.cpp">
      <Filter>源文件</Filter>
    </ClCompile>
    <ClCompile Include="src\ui\PickFigureInterface.cpp">
      <Filter>源文件</Filter>
    </ClCompile>
    <ClCompile Include="src\utils\Random.cpp">
      <Filter>源文件</Filter>
    </ClCompile>
    <ClCompile Include="src\game\Team.cpp">
      <Filter>源文件</Filter>
    </ClCompile>
    <ClCompile Include="src\game\Figure.cpp">
      <Filter>源文件</Filter>
    </ClCompile>
    <ClCompile Include="src\game\Stats.cpp">
      <Filter>源文件</Filter>
    </ClCompile>
    <ClCompile Include="src\ui\GameInterface.cpp">
      <Filter>源文件</Filter>
    </ClCompile>
    <ClCompile Include="src\game\GameObject.cpp">
      <Filter>源文件</Filter>
    </ClCompile>
    <ClCompile Include="src\ui\FinalInterface.cpp">
      <Filter>源文件</Filter>
    </ClCompile>
    <ClCompile Include="src\utils\ImageShow.cpp">
      <Filter>源文件</Filter>
    </ClCompile>
    <ClCompile Include="src\utils\Image.cpp">
      <Filter>源文件</Filter>
    </ClCompile>
  </ItemGroup>
  <ItemGroup>
    <ClInclude Include="inc\Defines.h">
      <Filter>头文件</Filter>
    </ClInclude>
    <ClInclude Include="inc\Message.h">
      <Filter>头文件</Filter>
    </ClInclude>
    <ClInclude Include="inc\Globals.h">
      <Filter>头文件</Filter>
    </ClInclude>
    <ClInclude Include="inc\ui\Button.h">
      <Filter>头文件</Filter>
    </ClInclude>
    <ClInclude Include="inc\ui\Interface.h">
      <Filter>头文件</Filter>
    </ClInclude>
    <ClInclude Include="inc\ui\Application.h">
      <Filter>头文件</Filter>
    </ClInclude>
    <ClInclude Include="inc\utils\Random.h">
      <Filter>头文件</Filter>
    </ClInclude>
    <ClInclude Include="inc\game\Team.h">
      <Filter>头文件</Filter>
    </ClInclude>
    <ClInclude Include="inc\game\Stats.h">
      <Filter>头文件</Filter>
    </ClInclude>
    <ClInclude Include="inc\game\Figure.h">
      <Filter>头文件</Filter>
    </ClInclude>
    <ClInclude Include="inc\game\GameObject.h">
      <Filter>头文件</Filter>
    </ClInclude>
    <ClInclude Include="inc\utils\ImageShow.h">
      <Filter>头文件</Filter>
    </ClInclude>
    <ClInclude Include="inc\utils\Image.h">
      <Filter>头文件</Filter>
    </ClInclude>
  </ItemGroup>
  <ItemGroup>
    <Image Include="res\icyslime.png">
      <Filter>资源文件</Filter>
    </Image>
    <Image Include="res\Image.png">
      <Filter>资源文件</Filter>
    </Image>
  </ItemGroup>
</Project>